
Microsoft Visual Studio Solution File, Format Version 12.00
# Visual Studio Version 17
VisualStudioVersion = 17.3.32922.545
MinimumVisualStudioVersion = 10.0.40219.1
Project("{FAE04EC0-301F-11D3-BF4B-00C04F79EFBC}") = "DiamondProblem", "DiamondProblem\DiamondProblem.csproj", "{07BE7DEC-795C-474F-9338-EA784D8FA5E6}"
EndProject
Project("{FAE04EC0-301F-11D3-BF4B-00C04F79EFBC}") = "DiamondProblemUnitTest", "DiamondProblemUnitTest\DiamondProblemUnitTest.csproj", "{A0429DAE-DDCF-4819-9D42-2F9190B7D8D9}"
EndProject
Global
	GlobalSection(SolutionConfigurationPlatforms) = preSolution
		Debug|Any CPU = Debug|Any CPU
		Release|Any CPU = Release|Any CPU
	EndGlobalSection
	GlobalSection(ProjectConfigurationPlatforms) = postSolution
		{07BE7DEC-795C-474F-9338-EA784D8FA5E6}.Debug|Any CPU.ActiveCfg = Debug|Any CPU
		{07BE7DEC-795C-474F-9338-EA784D8FA5E6}.Debug|Any CPU.Build.0 = Debug|Any CPU
		{07BE7DEC-795C-474F-9338-EA784D8FA5E6}.Release|Any CPU.ActiveCfg = Release|Any CPU
		{07BE7DEC-795C-474F-9338-EA784D8FA5E6}.Release|Any CPU.Build.0 = Release|Any CPU
		{A0429DAE-DDCF-4819-9D42-2F9190B7D8D9}.Debug|Any CPU.ActiveCfg = Debug|Any CPU
		{A0429DAE-DDCF-4819-9D42-2F9190B7D8D9}.Debug|Any CPU.Build.0 = Debug|Any CPU
		{A0429DAE-DDCF-4819-9D42-2F9190B7D8D9}.Release|Any CPU.ActiveCfg = Release|Any CPU
		{A0429DAE-DDCF-4819-9D42-2F9190B7D8D9}.Release|Any CPU.Build.0 = Release|Any CPU
	EndGlobalSection
	GlobalSection(SolutionProperties) = preSolution
		HideSolutionNode = FALSE
	EndGlobalSection
	GlobalSection(ExtensibilityGlobals) = postSolution
		SolutionGuid = {26BA7DF2-EA39-47BA-934A-D72909C33624}
	EndGlobalSection
EndGlobal
